
Microsoft Visual Studio Solution File, Format Version 12.00
# Visual Studio Version 17
VisualStudioVersion = 17.0.31903.59
MinimumVisualStudioVersion = 10.0.40219.1
Project("{2150E333-8FDC-42A3-9474-1A3956D46DE8}") = "src", "src", "{33BE9F4B-2566-4671-91FD-CF32A9E62983}"
EndProject
Project("{FAE04EC0-301F-11D3-BF4B-00C04F79EFBC}") = "WebApi", "src\WebApi\WebApi.csproj", "{7F59D2A5-0DF6-4C6B-B657-80CD7A38C4EE}"
EndProject
Project("{2150E333-8FDC-42A3-9474-1A3956D46DE8}") = "test", "test", "{420F8476-5BAE-487A-8B0B-14A442BBDB1D}"
EndProject
Project("{FAE04EC0-301F-11D3-BF4B-00C04F79EFBC}") = "WebApiTests", "test\WebApiTests\WebApiTests.csproj", "{913AB4FF-FBAD-454F-A1C0-FF21F8257F4D}"
EndProject
Global
	GlobalSection(SolutionConfigurationPlatforms) = preSolution
		Debug|Any CPU = Debug|Any CPU
		Release|Any CPU = Release|Any CPU
	EndGlobalSection
	GlobalSection(SolutionProperties) = preSolution
		HideSolutionNode = FALSE
	EndGlobalSection
	GlobalSection(ProjectConfigurationPlatforms) = postSolution
		{7F59D2A5-0DF6-4C6B-B657-80CD7A38C4EE}.Debug|Any CPU.ActiveCfg = Debug|Any CPU
		{7F59D2A5-0DF6-4C6B-B657-80CD7A38C4EE}.Debug|Any CPU.Build.0 = Debug|Any CPU
		{7F59D2A5-0DF6-4C6B-B657-80CD7A38C4EE}.Release|Any CPU.ActiveCfg = Release|Any CPU
		{7F59D2A5-0DF6-4C6B-B657-80CD7A38C4EE}.Release|Any CPU.Build.0 = Release|Any CPU
		{913AB4FF-FBAD-454F-A1C0-FF21F8257F4D}.Debug|Any CPU.ActiveCfg = Debug|Any CPU
		{913AB4FF-FBAD-454F-A1C0-FF21F8257F4D}.Debug|Any CPU.Build.0 = Debug|Any CPU
		{913AB4FF-FBAD-454F-A1C0-FF21F8257F4D}.Release|Any CPU.ActiveCfg = Release|Any CPU
		{913AB4FF-FBAD-454F-A1C0-FF21F8257F4D}.Release|Any CPU.Build.0 = Release|Any CPU
	EndGlobalSection
	GlobalSection(NestedProjects) = preSolution
		{7F59D2A5-0DF6-4C6B-B657-80CD7A38C4EE} = {33BE9F4B-2566-4671-91FD-CF32A9E62983}
		{913AB4FF-FBAD-454F-A1C0-FF21F8257F4D} = {420F8476-5BAE-487A-8B0B-14A442BBDB1D}
	EndGlobalSection
EndGlobal
